{
  "name": "GraphQL",
  "lockfileVersion": 3,
  "requires": true,
  "packages": {
    "": {
      "dependencies": {
        "apollo-datasource-rest": "^3.7.0"
      }
    },
    "node_modules/@apollo/utils.keyvaluecache": {
      "version": "1.0.2",
      "resolved": "https://registry.npmjs.org/@apollo/utils.keyvaluecache/-/utils.keyvaluecache-1.0.2.tgz",
      "integrity": "sha512-p7PVdLPMnPzmXSQVEsy27cYEjVON+SH/Wb7COyW3rQN8+wJgT1nv9jZouYtztWW8ZgTkii5T6tC9qfoDREd4mg==",
      "license": "MIT",
      "dependencies": {
        "@apollo/utils.logger": "^1.0.0",
        "lru-cache": "7.10.1 - 7.13.1"
      }
    },
    "node_modules/@apollo/utils.logger": {
      "version": "1.0.1",
      "resolved": "https://registry.npmjs.org/@apollo/utils.logger/-/utils.logger-1.0.1.tgz",
      "integrity": "sha512-XdlzoY7fYNK4OIcvMD2G94RoFZbzTQaNP0jozmqqMudmaGo2I/2Jx71xlDJ801mWA/mbYRihyaw6KJii7k5RVA==",
      "license": "MIT"
    },
    "node_modules/apollo-datasource": {
      "version": "3.3.2",
      "resolved": "https://registry.npmjs.org/apollo-datasource/-/apollo-datasource-3.3.2.tgz",
      "integrity": "sha512-L5TiS8E2Hn/Yz7SSnWIVbZw0ZfEIXZCa5VUiVxD9P53JvSrf4aStvsFDlGWPvpIdCR+aly2CfoB79B9/JjKFqg==",
      "deprecated": "The `apollo-datasource` package is part of Apollo Server v2 and v3, which are now end-of-life (as of October 22nd 2023 and October 22nd 2024, respectively). See https://www.apollographql.com/docs/apollo-server/previous-versions/ for more details.",
      "license": "MIT",
      "dependencies": {
        "@apollo/utils.keyvaluecache": "^1.0.1",
        "apollo-server-env": "^4.2.1"
      },
      "engines": {
        "node": ">=12.0"
      }
    },
    "node_modules/apollo-datasource-rest": {
      "version": "3.7.0",
      "resolved": "https://registry.npmjs.org/apollo-datasource-rest/-/apollo-datasource-rest-3.7.0.tgz",
      "integrity": "sha512-MeORtXZtc9drAvsarAGAUI4GZKoYFVc1OXIvehIZ/6pJrOdKGziGbraos2s/A+u8mpNPfbpk7W6f7uKtmwV0AA==",
      "deprecated": "The `apollo-datasource-rest` package is part of Apollo Server v2 and v3, which are now end-of-life (as of October 22nd 2023 and October 22nd 2024, respectively). This package's functionality is now found in the `@apollo/datasource-rest` package. See https://www.apollographql.com/docs/apollo-server/previous-versions/ for more details.",
      "license": "MIT",
      "dependencies": {
        "@apollo/utils.keyvaluecache": "^1.0.1",
        "apollo-datasource": "^3.3.2",
        "apollo-server-env": "^4.2.1",
        "apollo-server-errors": "^3.3.1",
        "http-cache-semantics": "^4.1.0"
      },
      "engines": {
        "node": ">=12.0"
      },
      "peerDependencies": {
        "graphql": "^15.3.0 || ^16.0.0"
      }
    },
    "node_modules/apollo-server-env": {
      "version": "4.2.1",
      "resolved": "https://registry.npmjs.org/apollo-server-env/-/apollo-server-env-4.2.1.tgz",
      "integrity": "sha512-vm/7c7ld+zFMxibzqZ7SSa5tBENc4B0uye9LTfjJwGoQFY5xsUPH5FpO5j0bMUDZ8YYNbrF9SNtzc5Cngcr90g==",
      "deprecated": "The `apollo-server-env` package is part of Apollo Server v2 and v3, which are now end-of-life (as of October 22nd 2023 and October 22nd 2024, respectively). This package's functionality is now found in the `@apollo/utils.fetcher` package. See https://www.apollographql.com/docs/apollo-server/previous-versions/ for more details.",
      "license": "MIT",
      "dependencies": {
        "node-fetch": "^2.6.7"
      },
      "engines": {
        "node": ">=12.0"
      }
    },
    "node_modules/apollo-server-errors": {
      "version": "3.3.1",
      "resolved": "https://registry.npmjs.org/apollo-server-errors/-/apollo-server-errors-3.3.1.tgz",
      "integrity": "sha512-xnZJ5QWs6FixHICXHxUfm+ZWqqxrNuPlQ+kj5m6RtEgIpekOPssH/SD9gf2B4HuWV0QozorrygwZnux8POvyPA==",
      "deprecated": "The `apollo-server-errors` package is part of Apollo Server v2 and v3, which are now end-of-life (as of October 22nd 2023 and October 22nd 2024, respectively). This package's functionality is now found in the `@apollo/server` package. See https://www.apollographql.com/docs/apollo-server/previous-versions/ for more details.",
      "license": "MIT",
      "engines": {
        "node": ">=12.0"
      },
      "peerDependencies": {
        "graphql": "^15.3.0 || ^16.0.0"
      }
    },
    "node_modules/graphql": {
      "version": "16.11.0",
      "resolved": "https://registry.npmjs.org/graphql/-/graphql-16.11.0.tgz",
      "integrity": "sha512-mS1lbMsxgQj6hge1XZ6p7GPhbrtFwUFYi3wRzXAC/FmYnyXMTvvI3td3rjmQ2u8ewXueaSvRPWaEcgVVOT9Jnw==",
      "license": "MIT",
      "peer": true,
      "engines": {
        "node": "^12.22.0 || ^14.16.0 || ^16.0.0 || >=17.0.0"
      }
    },
    "node_modules/http-cache-semantics": {
      "version": "4.1.1",
      "resolved": "https://registry.npmjs.org/http-cache-semantics/-/http-cache-semantics-4.1.1.tgz",
      "integrity": "sha512-er295DKPVsV82j5kw1Gjt+ADA/XYHsajl82cGNQG2eyoPkvgUhX+nDIyelzhIWbbsXP39EHcI6l5tYs2FYqYXQ==",
      "license": "BSD-2-Clause"
    },
    "node_modules/lru-cache": {
      "version": "7.13.1",
      "resolved": "https://registry.npmjs.org/lru-cache/-/lru-cache-7.13.1.tgz",
      "integrity": "sha512-CHqbAq7NFlW3RSnoWXLJBxCWaZVBrfa9UEHId2M3AW8iEBurbqduNexEUCGc3SHc6iCYXNJCDi903LajSVAEPQ==",
      "license": "ISC",
      "engines": {
        "node": ">=12"
      }
    },
    "node_modules/node-fetch": {
      "version": "2.7.0",
      "resolved": "https://registry.npmjs.org/node-fetch/-/node-fetch-2.7.0.tgz",
      "integrity": "sha512-c4FRfUm/dbcWZ7U+1Wq0AwCyFL+3nt2bEw05wfxSz+DWpWsitgmSgYmy2dQdWyKC1694ELPqMs/YzUSNozLt8A==",
      "license": "MIT",
      "dependencies": {
        "whatwg-url": "^5.0.0"
      },
      "engines": {
        "node": "4.x || >=6.0.0"
      },
      "peerDependencies": {
        "encoding": "^0.1.0"
      },
      "peerDependenciesMeta": {
        "encoding": {
          "optional": true
        }
      }
    },
    "node_modules/tr46": {
      "version": "0.0.3",
      "resolved": "https://registry.npmjs.org/tr46/-/tr46-0.0.3.tgz",
      "integrity": "sha512-N3WMsuqV66lT30CrXNbEjx4GEwlow3v6rr4mCcv6prnfwhS01rkgyFdjPNBYd9br7LpXV1+Emh01fHnq2Gdgrw==",
      "license": "MIT"
    },
    "node_modules/webidl-conversions": {
      "version": "3.0.1",
      "resolved": "https://registry.npmjs.org/webidl-conversions/-/webidl-conversions-3.0.1.tgz",
      "integrity": "sha512-2JAn3z8AR6rjK8Sm8orRC0h/bcl/DqL7tRPdGZ4I1CjdF+EaMLmYxBHyXuKL849eucPFhvBoxMsflfOb8kxaeQ==",
      "license": "BSD-2-Clause"
    },
    "node_modules/whatwg-url": {
      "version": "5.0.0",
      "resolved": "https://registry.npmjs.org/whatwg-url/-/whatwg-url-5.0.0.tgz",
      "integrity": "sha512-saE57nupxk6v3HY35+jzBwYa0rKSy0XR8JSxZPwgLr7ys0IBzhGviA1/TUGJLmSVqs8pb9AnvICXEuOHLprYTw==",
      "license": "MIT",
      "dependencies": {
        "tr46": "~0.0.3",
        "webidl-conversions": "^3.0.0"
      }
    }
  }
}
