Microsoft Visual Studio Solution File, Format Version 12.00
# Visual Studio Version 17
VisualStudioVersion = 17.5.2.0
MinimumVisualStudioVersion = 10.0.40219.1
Project("{2150E333-8FDC-42A3-9474-1A3956D46DE8}") = "Estudos", "Estudos", "{B9C2A0D0-8848-AC88-DA12-FF5A0EF06A50}"
EndProject
Project("{2150E333-8FDC-42A3-9474-1A3956D46DE8}") = "ScreenSound", "ScreenSound", "{EFE11F23-070B-527A-6C31-FADD87973055}"
EndProject
Project("{FAE04EC0-301F-11D3-BF4B-00C04F79EFBC}") = "PrimeiroProjeto", "Estudos\ScreenSound\csharp-01\PrimeiroProjeto.csproj", "{1DCBF2D5-8D9C-77B7-7726-5B44152FC3A6}"
EndProject
Global
	GlobalSection(SolutionConfigurationPlatforms) = preSolution
		Debug|Any CPU = Debug|Any CPU
		Release|Any CPU = Release|Any CPU
	EndGlobalSection
	GlobalSection(ProjectConfigurationPlatforms) = postSolution
		{1DCBF2D5-8D9C-77B7-7726-5B44152FC3A6}.Debug|Any CPU.ActiveCfg = Debug|Any CPU
		{1DCBF2D5-8D9C-77B7-7726-5B44152FC3A6}.Debug|Any CPU.Build.0 = Debug|Any CPU
		{1DCBF2D5-8D9C-77B7-7726-5B44152FC3A6}.Release|Any CPU.ActiveCfg = Release|Any CPU
		{1DCBF2D5-8D9C-77B7-7726-5B44152FC3A6}.Release|Any CPU.Build.0 = Release|Any CPU
	EndGlobalSection
	GlobalSection(SolutionProperties) = preSolution
		HideSolutionNode = FALSE
	EndGlobalSection
	GlobalSection(NestedProjects) = preSolution
		{EFE11F23-070B-527A-6C31-FADD87973055} = {B9C2A0D0-8848-AC88-DA12-FF5A0EF06A50}
		{1DCBF2D5-8D9C-77B7-7726-5B44152FC3A6} = {EFE11F23-070B-527A-6C31-FADD87973055}
	EndGlobalSection
	GlobalSection(ExtensibilityGlobals) = postSolution
		SolutionGuid = {81776AF6-A073-4BB7-9099-525AC71BA50A}
	EndGlobalSection
EndGlobal
