
Microsoft Visual Studio Solution File, Format Version 12.00
# Visual Studio Version 17
VisualStudioVersion = 17.5.33627.172
MinimumVisualStudioVersion = 10.0.40219.1
Project("{FAE04EC0-301F-11D3-BF4B-00C04F79EFBC}") = "ScreenSound", "ScreenSound\ScreenSound.csproj", "{AF1392D8-DBD4-4BAD-A789-DA0BE21D89B5}"
EndProject
Global
	GlobalSection(SolutionConfigurationPlatforms) = preSolution
		Debug|Any CPU = Debug|Any CPU
		Release|Any CPU = Release|Any CPU
	EndGlobalSection
	GlobalSection(ProjectConfigurationPlatforms) = postSolution
		{AF1392D8-DBD4-4BAD-A789-DA0BE21D89B5}.Debug|Any CPU.ActiveCfg = Debug|Any CPU
		{AF1392D8-DBD4-4BAD-A789-DA0BE21D89B5}.Debug|Any CPU.Build.0 = Debug|Any CPU
		{AF1392D8-DBD4-4BAD-A789-DA0BE21D89B5}.Release|Any CPU.ActiveCfg = Release|Any CPU
		{AF1392D8-DBD4-4BAD-A789-DA0BE21D89B5}.Release|Any CPU.Build.0 = Release|Any CPU
	EndGlobalSection
	GlobalSection(SolutionProperties) = preSolution
		HideSolutionNode = FALSE
	EndGlobalSection
	GlobalSection(ExtensibilityGlobals) = postSolution
		SolutionGuid = {70F6864C-0386-445E-9EC3-7D8553AF10D5}
	EndGlobalSection
EndGlobal
