Microsoft Visual Studio Solution File, Format Version 12.00
# Visual Studio Version 17
VisualStudioVersion = 17.5.2.0
MinimumVisualStudioVersion = 10.0.40219.1
Project("{FAE04EC0-301F-11D3-BF4B-00C04F79EFBC}") = "OrientacaoObjetos", "OrientacaoObjetos.csproj", "{9CE99D14-FA81-EB83-CA0E-2A873F329488}"
EndProject
Global
	GlobalSection(SolutionConfigurationPlatforms) = preSolution
		Debug|Any CPU = Debug|Any CPU
		Release|Any CPU = Release|Any CPU
	EndGlobalSection
	GlobalSection(ProjectConfigurationPlatforms) = postSolution
		{9CE99D14-FA81-EB83-CA0E-2A873F329488}.Debug|Any CPU.ActiveCfg = Debug|Any CPU
		{9CE99D14-FA81-EB83-CA0E-2A873F329488}.Debug|Any CPU.Build.0 = Debug|Any CPU
		{9CE99D14-FA81-EB83-CA0E-2A873F329488}.Release|Any CPU.ActiveCfg = Release|Any CPU
		{9CE99D14-FA81-EB83-CA0E-2A873F329488}.Release|Any CPU.Build.0 = Release|Any CPU
	EndGlobalSection
	GlobalSection(SolutionProperties) = preSolution
		HideSolutionNode = FALSE
	EndGlobalSection
	GlobalSection(ExtensibilityGlobals) = postSolution
		SolutionGuid = {79251266-B23E-4441-9EB8-88F537A948BF}
	EndGlobalSection
EndGlobal
